
Microsoft Visual Studio Solution File, Format Version 12.00
# Visual Studio 2013
VisualStudioVersion = 12.0.40629.0
MinimumVisualStudioVersion = 10.0.40219.1
Project("{8BC9CEB8-8B4A-11D0-8D11-00A0C91BC942}") = "GxxGmApiSpy", "GxxGmApiSpy\GxxGmApiSpy.vcxproj", "{7593A74B-00E1-4A32-A12E-8487BF8F53D9}"
EndProject
Project("{8BC9CEB8-8B4A-11D0-8D11-00A0C91BC942}") = "GxxGmApiSpyInjector", "GxxGmApiSpyInjector\GxxGmApiSpyInjector.vcxproj", "{017CC841-509B-4862-85A4-FEFA24073DCD}"
EndProject
Project("{8BC9CEB8-8B4A-11D0-8D11-00A0C91BC942}") = "GxxGmApiSpyDemo", "GxxGmApiSpyDemo\GxxGmApiSpyDemo.vcxproj", "{914227EF-D255-4BD6-9348-A0A68E51495A}"
EndProject
Global
	GlobalSection(SolutionConfigurationPlatforms) = preSolution
		Debug|Win32 = Debug|Win32
		Release|Win32 = Release|Win32
	EndGlobalSection
	GlobalSection(ProjectConfigurationPlatforms) = postSolution
		{7593A74B-00E1-4A32-A12E-8487BF8F53D9}.Debug|Win32.ActiveCfg = Debug|Win32
		{7593A74B-00E1-4A32-A12E-8487BF8F53D9}.Debug|Win32.Build.0 = Debug|Win32
		{7593A74B-00E1-4A32-A12E-8487BF8F53D9}.Release|Win32.ActiveCfg = Release|Win32
		{7593A74B-00E1-4A32-A12E-8487BF8F53D9}.Release|Win32.Build.0 = Release|Win32
		{017CC841-509B-4862-85A4-FEFA24073DCD}.Debug|Win32.ActiveCfg = Debug|Win32
		{017CC841-509B-4862-85A4-FEFA24073DCD}.Debug|Win32.Build.0 = Debug|Win32
		{017CC841-509B-4862-85A4-FEFA24073DCD}.Release|Win32.ActiveCfg = Release|Win32
		{017CC841-509B-4862-85A4-FEFA24073DCD}.Release|Win32.Build.0 = Release|Win32
		{914227EF-D255-4BD6-9348-A0A68E51495A}.Debug|Win32.ActiveCfg = Debug|Win32
		{914227EF-D255-4BD6-9348-A0A68E51495A}.Debug|Win32.Build.0 = Debug|Win32
		{914227EF-D255-4BD6-9348-A0A68E51495A}.Release|Win32.ActiveCfg = Release|Win32
		{914227EF-D255-4BD6-9348-A0A68E51495A}.Release|Win32.Build.0 = Release|Win32
	EndGlobalSection
	GlobalSection(SolutionProperties) = preSolution
		HideSolutionNode = FALSE
	EndGlobalSection
EndGlobal
